
Microsoft Visual Studio Solution File, Format Version 12.00
# Visual Studio Version 16
VisualStudioVersion = 16.0.29306.81
MinimumVisualStudioVersion = 10.0.40219.1
Project("{9A19103F-16F7-4668-BE54-9A1E7A4F7556}") = "DatingApp.API", "DatingApp.API\DatingApp.API.csproj", "{53566C17-E134-4715-83A0-39CDD67CC1F2}"
EndProject
Global
	GlobalSection(SolutionConfigurationPlatforms) = preSolution
		Debug|Any CPU = Debug|Any CPU
		Release|Any CPU = Release|Any CPU
	EndGlobalSection
	GlobalSection(ProjectConfigurationPlatforms) = postSolution
		{53566C17-E134-4715-83A0-39CDD67CC1F2}.Debug|Any CPU.ActiveCfg = Debug|Any CPU
		{53566C17-E134-4715-83A0-39CDD67CC1F2}.Debug|Any CPU.Build.0 = Debug|Any CPU
		{53566C17-E134-4715-83A0-39CDD67CC1F2}.Release|Any CPU.ActiveCfg = Release|Any CPU
		{53566C17-E134-4715-83A0-39CDD67CC1F2}.Release|Any CPU.Build.0 = Release|Any CPU
	EndGlobalSection
	GlobalSection(SolutionProperties) = preSolution
		HideSolutionNode = FALSE
	EndGlobalSection
	GlobalSection(ExtensibilityGlobals) = postSolution
		SolutionGuid = {FFF3F4AE-744F-4DD4-99A4-9C9DF6A9EBB9}
	EndGlobalSection
EndGlobal
